// !$*UTF8*$!
{
	archiveVersion = 1;
	classes = {
	};
	objectVersion = 55;
	objects = {

/* Begin PBXBuildFile section */
		941362AF2751004A003EE6CF /* AccountCell.swift in Sources */ = {isa = PBXBuildFile; fileRef = 941362AE2751004A003EE6CF /* AccountCell.swift */; };
		941362B227510174003EE6CF /* TextExtensions.swift in Sources */ = {isa = PBXBuildFile; fileRef = 941362B127510174003EE6CF /* TextExtensions.swift */; };
		941362B427510261003EE6CF /* Account.swift in Sources */ = {isa = PBXBuildFile; fileRef = 941362B327510261003EE6CF /* Account.swift */; };
		941362B827510390003EE6CF /* BankImageView.swift in Sources */ = {isa = PBXBuildFile; fileRef = 941362B727510390003EE6CF /* BankImageView.swift */; };
		941362BA2751058A003EE6CF /* PaymentViewModel.swift in Sources */ = {isa = PBXBuildFile; fileRef = 941362B92751058A003EE6CF /* PaymentViewModel.swift */; };
		941362BE275108AF003EE6CF /* DataRepository.swift in Sources */ = {isa = PBXBuildFile; fileRef = 941362BD275108AF003EE6CF /* DataRepository.swift */; };
		941362C0275108D2003EE6CF /* User.swift in Sources */ = {isa = PBXBuildFile; fileRef = 941362BF275108D2003EE6CF /* User.swift */; };
		941362C227510A34003EE6CF /* ApiService.swift in Sources */ = {isa = PBXBuildFile; fileRef = 941362C127510A34003EE6CF /* ApiService.swift */; };
		941362C427510B01003EE6CF /* ReponseEnums.swift in Sources */ = {isa = PBXBuildFile; fileRef = 941362C327510B01003EE6CF /* ReponseEnums.swift */; };
		941362C927510D88003EE6CF /* Connectivity.swift in Sources */ = {isa = PBXBuildFile; fileRef = 941362C827510D88003EE6CF /* Connectivity.swift */; };
		941362CC27513B8E003EE6CF /* SPAlert in Frameworks */ = {isa = PBXBuildFile; productRef = 941362CB27513B8E003EE6CF /* SPAlert */; };
		941362CE27513FD5003EE6CF /* UIApplicationExtensions.swift in Sources */ = {isa = PBXBuildFile; fileRef = 941362CD27513FD4003EE6CF /* UIApplicationExtensions.swift */; };
		941362D0275148FF003EE6CF /* ReconnectButton.swift in Sources */ = {isa = PBXBuildFile; fileRef = 941362CF275148FF003EE6CF /* ReconnectButton.swift */; };
		947613A8274FEF8600E02531 /* PaymentView.swift in Sources */ = {isa = PBXBuildFile; fileRef = 947613A7274FEF8600E02531 /* PaymentView.swift */; };
		947613AB274FFD2300E02531 /* AmountSelector.swift in Sources */ = {isa = PBXBuildFile; fileRef = 947613AA274FFD2300E02531 /* AmountSelector.swift */; };
		947613AD274FFD3800E02531 /* GetPaidButton.swift in Sources */ = {isa = PBXBuildFile; fileRef = 947613AC274FFD3800E02531 /* GetPaidButton.swift */; };
		947613B0274FFD4D00E02531 /* AccountSelector.swift in Sources */ = {isa = PBXBuildFile; fileRef = 947613AF274FFD4D00E02531 /* AccountSelector.swift */; };
		94CAD48C274D7D1D001FE06B /* mobilise_test1App.swift in Sources */ = {isa = PBXBuildFile; fileRef = 94CAD48B274D7D1D001FE06B /* mobilise_test1App.swift */; };
		94CAD48E274D7D1D001FE06B /* ContentView.swift in Sources */ = {isa = PBXBuildFile; fileRef = 94CAD48D274D7D1D001FE06B /* ContentView.swift */; };
		94CAD490274D7D1F001FE06B /* Assets.xcassets in Resources */ = {isa = PBXBuildFile; fileRef = 94CAD48F274D7D1F001FE06B /* Assets.xcassets */; };
		94CAD493274D7D1F001FE06B /* Preview Assets.xcassets in Resources */ = {isa = PBXBuildFile; fileRef = 94CAD492274D7D1F001FE06B /* Preview Assets.xcassets */; };
		94CAD49D274D7D20001FE06B /* mobilise_test1Tests.swift in Sources */ = {isa = PBXBuildFile; fileRef = 94CAD49C274D7D20001FE06B /* mobilise_test1Tests.swift */; };
		94CAD4A7274D7D20001FE06B /* mobilise_test1UITests.swift in Sources */ = {isa = PBXBuildFile; fileRef = 94CAD4A6274D7D20001FE06B /* mobilise_test1UITests.swift */; };
		94CAD4A9274D7D20001FE06B /* mobilise_test1UITestsLaunchTests.swift in Sources */ = {isa = PBXBuildFile; fileRef = 94CAD4A8274D7D20001FE06B /* mobilise_test1UITestsLaunchTests.swift */; };
/* End PBXBuildFile section */

/* Begin PBXContainerItemProxy section */
		94CAD499274D7D20001FE06B /* PBXContainerItemProxy */ = {
			isa = PBXContainerItemProxy;
			containerPortal = 94CAD480274D7D1D001FE06B /* Project object */;
			proxyType = 1;
			remoteGlobalIDString = 94CAD487274D7D1D001FE06B;
			remoteInfo = mobilise_test1;
		};
		94CAD4A3274D7D20001FE06B /* PBXContainerItemProxy */ = {
			isa = PBXContainerItemProxy;
			containerPortal = 94CAD480274D7D1D001FE06B /* Project object */;
			proxyType = 1;
			remoteGlobalIDString = 94CAD487274D7D1D001FE06B;
			remoteInfo = mobilise_test1;
		};
/* End PBXContainerItemProxy section */

/* Begin PBXFileReference section */
		941362AE2751004A003EE6CF /* AccountCell.swift */ = {isa = PBXFileReference; lastKnownFileType = sourcecode.swift; path = AccountCell.swift; sourceTree = "<group>"; };
		941362B127510174003EE6CF /* TextExtensions.swift */ = {isa = PBXFileReference; lastKnownFileType = sourcecode.swift; path = TextExtensions.swift; sourceTree = "<group>"; };
		941362B327510261003EE6CF /* Account.swift */ = {isa = PBXFileReference; lastKnownFileType = sourcecode.swift; path = Account.swift; sourceTree = "<group>"; };
		941362B727510390003EE6CF /* BankImageView.swift */ = {isa = PBXFileReference; lastKnownFileType = sourcecode.swift; path = BankImageView.swift; sourceTree = "<group>"; };
		941362B92751058A003EE6CF /* PaymentViewModel.swift */ = {isa = PBXFileReference; lastKnownFileType = sourcecode.swift; path = PaymentViewModel.swift; sourceTree = "<group>"; };
		941362BD275108AF003EE6CF /* DataRepository.swift */ = {isa = PBXFileReference; lastKnownFileType = sourcecode.swift; path = DataRepository.swift; sourceTree = "<group>"; };
		941362BF275108D2003EE6CF /* User.swift */ = {isa = PBXFileReference; lastKnownFileType = sourcecode.swift; path = User.swift; sourceTree = "<group>"; };
		941362C127510A34003EE6CF /* ApiService.swift */ = {isa = PBXFileReference; lastKnownFileType = sourcecode.swift; path = ApiService.swift; sourceTree = "<group>"; };
		941362C327510B01003EE6CF /* ReponseEnums.swift */ = {isa = PBXFileReference; lastKnownFileType = sourcecode.swift; path = ReponseEnums.swift; sourceTree = "<group>"; };
		941362C827510D88003EE6CF /* Connectivity.swift */ = {isa = PBXFileReference; lastKnownFileType = sourcecode.swift; path = Connectivity.swift; sourceTree = "<group>"; };
		941362CD27513FD4003EE6CF /* UIApplicationExtensions.swift */ = {isa = PBXFileReference; lastKnownFileType = sourcecode.swift; path = UIApplicationExtensions.swift; sourceTree = "<group>"; };
		941362CF275148FF003EE6CF /* ReconnectButton.swift */ = {isa = PBXFileReference; lastKnownFileType = sourcecode.swift; path = ReconnectButton.swift; sourceTree = "<group>"; };
		947613A7274FEF8600E02531 /* PaymentView.swift */ = {isa = PBXFileReference; lastKnownFileType = sourcecode.swift; path = PaymentView.swift; sourceTree = "<group>"; };
		947613AA274FFD2300E02531 /* AmountSelector.swift */ = {isa = PBXFileReference; lastKnownFileType = sourcecode.swift; path = AmountSelector.swift; sourceTree = "<group>"; };
		947613AC274FFD3800E02531 /* GetPaidButton.swift */ = {isa = PBXFileReference; lastKnownFileType = sourcecode.swift; path = GetPaidButton.swift; sourceTree = "<group>"; };
		947613AF274FFD4D00E02531 /* AccountSelector.swift */ = {isa = PBXFileReference; lastKnownFileType = sourcecode.swift; path = AccountSelector.swift; sourceTree = "<group>"; };
		94CAD488274D7D1D001FE06B /* mobilise_test1.app */ = {isa = PBXFileReference; explicitFileType = wrapper.application; includeInIndex = 0; path = mobilise_test1.app; sourceTree = BUILT_PRODUCTS_DIR; };
		94CAD48B274D7D1D001FE06B /* mobilise_test1App.swift */ = {isa = PBXFileReference; lastKnownFileType = sourcecode.swift; path = mobilise_test1App.swift; sourceTree = "<group>"; };
		94CAD48D274D7D1D001FE06B /* ContentView.swift */ = {isa = PBXFileReference; lastKnownFileType = sourcecode.swift; path = ContentView.swift; sourceTree = "<group>"; };
		94CAD48F274D7D1F001FE06B /* Assets.xcassets */ = {isa = PBXFileReference; lastKnownFileType = folder.assetcatalog; path = Assets.xcassets; sourceTree = "<group>"; };
		94CAD492274D7D1F001FE06B /* Preview Assets.xcassets */ = {isa = PBXFileReference; lastKnownFileType = folder.assetcatalog; path = "Preview Assets.xcassets"; sourceTree = "<group>"; };
		94CAD498274D7D20001FE06B /* mobilise_test1Tests.xctest */ = {isa = PBXFileReference; explicitFileType = wrapper.cfbundle; includeInIndex = 0; path = mobilise_test1Tests.xctest; sourceTree = BUILT_PRODUCTS_DIR; };
		94CAD49C274D7D20001FE06B /* mobilise_test1Tests.swift */ = {isa = PBXFileReference; lastKnownFileType = sourcecode.swift; path = mobilise_test1Tests.swift; sourceTree = "<group>"; };
		94CAD4A2274D7D20001FE06B /* mobilise_test1UITests.xctest */ = {isa = PBXFileReference; explicitFileType = wrapper.cfbundle; includeInIndex = 0; path = mobilise_test1UITests.xctest; sourceTree = BUILT_PRODUCTS_DIR; };
		94CAD4A6274D7D20001FE06B /* mobilise_test1UITests.swift */ = {isa = PBXFileReference; lastKnownFileType = sourcecode.swift; path = mobilise_test1UITests.swift; sourceTree = "<group>"; };
		94CAD4A8274D7D20001FE06B /* mobilise_test1UITestsLaunchTests.swift */ = {isa = PBXFileReference; lastKnownFileType = sourcecode.swift; path = mobilise_test1UITestsLaunchTests.swift; sourceTree = "<group>"; };
/* End PBXFileReference section */

/* Begin PBXFrameworksBuildPhase section */
		94CAD485274D7D1D001FE06B /* Frameworks */ = {
			isa = PBXFrameworksBuildPhase;
			buildActionMask = 2147483647;
			files = (
				941362CC27513B8E003EE6CF /* SPAlert in Frameworks */,
			);
			runOnlyForDeploymentPostprocessing = 0;
		};
		94CAD495274D7D20001FE06B /* Frameworks */ = {
			isa = PBXFrameworksBuildPhase;
			buildActionMask = 2147483647;
			files = (
			);
			runOnlyForDeploymentPostprocessing = 0;
		};
		94CAD49F274D7D20001FE06B /* Frameworks */ = {
			isa = PBXFrameworksBuildPhase;
			buildActionMask = 2147483647;
			files = (
			);
			runOnlyForDeploymentPostprocessing = 0;
		};
/* End PBXFrameworksBuildPhase section */

/* Begin PBXGroup section */
		941362B027510141003EE6CF /* Extensions */ = {
			isa = PBXGroup;
			children = (
				941362B127510174003EE6CF /* TextExtensions.swift */,
				941362CD27513FD4003EE6CF /* UIApplicationExtensions.swift */,
			);
			path = Extensions;
			sourceTree = "<group>";
		};
		941362C527510B67003EE6CF /* Services */ = {
			isa = PBXGroup;
			children = (
				941362C127510A34003EE6CF /* ApiService.swift */,
				941362C827510D88003EE6CF /* Connectivity.swift */,
			);
			path = Services;
			sourceTree = "<group>";
		};
		941362C627510B76003EE6CF /* Repositories */ = {
			isa = PBXGroup;
			children = (
				941362BD275108AF003EE6CF /* DataRepository.swift */,
			);
			path = Repositories;
			sourceTree = "<group>";
		};
		941362C727510B7E003EE6CF /* Models */ = {
			isa = PBXGroup;
			children = (
				941362B327510261003EE6CF /* Account.swift */,
				941362C327510B01003EE6CF /* ReponseEnums.swift */,
				941362BF275108D2003EE6CF /* User.swift */,
			);
			path = Models;
			sourceTree = "<group>";
		};
		947613A4274FE88900E02531 /* Model */ = {
			isa = PBXGroup;
			children = (
				941362C727510B7E003EE6CF /* Models */,
				941362C627510B76003EE6CF /* Repositories */,
				941362C527510B67003EE6CF /* Services */,
			);
			path = Model;
			sourceTree = "<group>";
		};
		947613A5274FE89000E02531 /* View */ = {
			isa = PBXGroup;
			children = (
				947613A7274FEF8600E02531 /* PaymentView.swift */,
				947613A9274FFD0A00E02531 /* Helpers */,
			);
			path = View;
			sourceTree = "<group>";
		};
		947613A6274FE89500E02531 /* ViewModel */ = {
			isa = PBXGroup;
			children = (
				941362B92751058A003EE6CF /* PaymentViewModel.swift */,
			);
			path = ViewModel;
			sourceTree = "<group>";
		};
		947613A9274FFD0A00E02531 /* Helpers */ = {
			isa = PBXGroup;
			children = (
				947613AA274FFD2300E02531 /* AmountSelector.swift */,
				947613AC274FFD3800E02531 /* GetPaidButton.swift */,
				941362CF275148FF003EE6CF /* ReconnectButton.swift */,
				947613AF274FFD4D00E02531 /* AccountSelector.swift */,
				941362AE2751004A003EE6CF /* AccountCell.swift */,
				941362B727510390003EE6CF /* BankImageView.swift */,
			);
			path = Helpers;
			sourceTree = "<group>";
		};
		94CAD47F274D7D1D001FE06B = {
			isa = PBXGroup;
			children = (
				94CAD48A274D7D1D001FE06B /* mobilise_test1 */,
				94CAD49B274D7D20001FE06B /* mobilise_test1Tests */,
				94CAD4A5274D7D20001FE06B /* mobilise_test1UITests */,
				94CAD489274D7D1D001FE06B /* Products */,
			);
			sourceTree = "<group>";
		};
		94CAD489274D7D1D001FE06B /* Products */ = {
			isa = PBXGroup;
			children = (
				94CAD488274D7D1D001FE06B /* mobilise_test1.app */,
				94CAD498274D7D20001FE06B /* mobilise_test1Tests.xctest */,
				94CAD4A2274D7D20001FE06B /* mobilise_test1UITests.xctest */,
			);
			name = Products;
			sourceTree = "<group>";
		};
		94CAD48A274D7D1D001FE06B /* mobilise_test1 */ = {
			isa = PBXGroup;
			children = (
				94CAD48B274D7D1D001FE06B /* mobilise_test1App.swift */,
				94CAD48D274D7D1D001FE06B /* ContentView.swift */,
				941362B027510141003EE6CF /* Extensions */,
				947613A6274FE89500E02531 /* ViewModel */,
				947613A5274FE89000E02531 /* View */,
				947613A4274FE88900E02531 /* Model */,
				94CAD48F274D7D1F001FE06B /* Assets.xcassets */,
				94CAD491274D7D1F001FE06B /* Preview Content */,
			);
			path = mobilise_test1;
			sourceTree = "<group>";
		};
		94CAD491274D7D1F001FE06B /* Preview Content */ = {
			isa = PBXGroup;
			children = (
				94CAD492274D7D1F001FE06B /* Preview Assets.xcassets */,
			);
			path = "Preview Content";
			sourceTree = "<group>";
		};
		94CAD49B274D7D20001FE06B /* mobilise_test1Tests */ = {
			isa = PBXGroup;
			children = (
				94CAD49C274D7D20001FE06B /* mobilise_test1Tests.swift */,
			);
			path = mobilise_test1Tests;
			sourceTree = "<group>";
		};
		94CAD4A5274D7D20001FE06B /* mobilise_test1UITests */ = {
			isa = PBXGroup;
			children = (
				94CAD4A6274D7D20001FE06B /* mobilise_test1UITests.swift */,
				94CAD4A8274D7D20001FE06B /* mobilise_test1UITestsLaunchTests.swift */,
			);
			path = mobilise_test1UITests;
			sourceTree = "<group>";
		};
/* End PBXGroup section */

/* Begin PBXNativeTarget section */
		94CAD487274D7D1D001FE06B /* mobilise_test1 */ = {
			isa = PBXNativeTarget;
			buildConfigurationList = 94CAD4AC274D7D20001FE06B /* Build configuration list for PBXNativeTarget "mobilise_test1" */;
			buildPhases = (
				94CAD484274D7D1D001FE06B /* Sources */,
				94CAD485274D7D1D001FE06B /* Frameworks */,
				94CAD486274D7D1D001FE06B /* Resources */,
			);
			buildRules = (
			);
			dependencies = (
			);
			name = mobilise_test1;
			packageProductDependencies = (
				941362CB27513B8E003EE6CF /* SPAlert */,
			);
			productName = mobilise_test1;
			productReference = 94CAD488274D7D1D001FE06B /* mobilise_test1.app */;
			productType = "com.apple.product-type.application";
		};
		94CAD497274D7D20001FE06B /* mobilise_test1Tests */ = {
			isa = PBXNativeTarget;
			buildConfigurationList = 94CAD4AF274D7D20001FE06B /* Build configuration list for PBXNativeTarget "mobilise_test1Tests" */;
			buildPhases = (
				94CAD494274D7D20001FE06B /* Sources */,
				94CAD495274D7D20001FE06B /* Frameworks */,
				94CAD496274D7D20001FE06B /* Resources */,
			);
			buildRules = (
			);
			dependencies = (
				94CAD49A274D7D20001FE06B /* PBXTargetDependency */,
			);
			name = mobilise_test1Tests;
			productName = mobilise_test1Tests;
			productReference = 94CAD498274D7D20001FE06B /* mobilise_test1Tests.xctest */;
			productType = "com.apple.product-type.bundle.unit-test";
		};
		94CAD4A1274D7D20001FE06B /* mobilise_test1UITests */ = {
			isa = PBXNativeTarget;
			buildConfigurationList = 94CAD4B2274D7D20001FE06B /* Build configuration list for PBXNativeTarget "mobilise_test1UITests" */;
			buildPhases = (
				94CAD49E274D7D20001FE06B /* Sources */,
				94CAD49F274D7D20001FE06B /* Frameworks */,
				94CAD4A0274D7D20001FE06B /* Resources */,
			);
			buildRules = (
			);
			dependencies = (
				94CAD4A4274D7D20001FE06B /* PBXTargetDependency */,
			);
			name = mobilise_test1UITests;
			productName = mobilise_test1UITests;
			productReference = 94CAD4A2274D7D20001FE06B /* mobilise_test1UITests.xctest */;
			productType = "com.apple.product-type.bundle.ui-testing";
		};
/* End PBXNativeTarget section */

/* Begin PBXProject section */
		94CAD480274D7D1D001FE06B /* Project object */ = {
			isa = PBXProject;
			attributes = {
				BuildIndependentTargetsInParallel = 1;
				LastSwiftUpdateCheck = 1300;
				LastUpgradeCheck = 1300;
				TargetAttributes = {
					94CAD487274D7D1D001FE06B = {
						CreatedOnToolsVersion = 13.0;
					};
					94CAD497274D7D20001FE06B = {
						CreatedOnToolsVersion = 13.0;
						TestTargetID = 94CAD487274D7D1D001FE06B;
					};
					94CAD4A1274D7D20001FE06B = {
						CreatedOnToolsVersion = 13.0;
						TestTargetID = 94CAD487274D7D1D001FE06B;
					};
				};
			};
			buildConfigurationList = 94CAD483274D7D1D001FE06B /* Build configuration list for PBXProject "mobilise_test1" */;
			compatibilityVersion = "Xcode 13.0";
			developmentRegion = en;
			hasScannedForEncodings = 0;
			knownRegions = (
				en,
				Base,
			);
			mainGroup = 94CAD47F274D7D1D001FE06B;
			packageReferences = (
				941362CA27513B8E003EE6CF /* XCRemoteSwiftPackageReference "SPAlert" */,
			);
			productRefGroup = 94CAD489274D7D1D001FE06B /* Products */;
			projectDirPath = "";
			projectRoot = "";
			targets = (
				94CAD487274D7D1D001FE06B /* mobilise_test1 */,
				94CAD497274D7D20001FE06B /* mobilise_test1Tests */,
				94CAD4A1274D7D20001FE06B /* mobilise_test1UITests */,
			);
		};
/* End PBXProject section */

/* Begin PBXResourcesBuildPhase section */
		94CAD486274D7D1D001FE06B /* Resources */ = {
			isa = PBXResourcesBuildPhase;
			buildActionMask = 2147483647;
			files = (
				94CAD493274D7D1F001FE06B /* Preview Assets.xcassets in Resources */,
				94CAD490274D7D1F001FE06B /* Assets.xcassets in Resources */,
			);
			runOnlyForDeploymentPostprocessing = 0;
		};
		94CAD496274D7D20001FE06B /* Resources */ = {
			isa = PBXResourcesBuildPhase;
			buildActionMask = 2147483647;
			files = (
			);
			runOnlyForDeploymentPostprocessing = 0;
		};
		94CAD4A0274D7D20001FE06B /* Resources */ = {
			isa = PBXResourcesBuildPhase;
			buildActionMask = 2147483647;
			files = (
			);
			runOnlyForDeploymentPostprocessing = 0;
		};
/* End PBXResourcesBuildPhase section */

/* Begin PBXSourcesBuildPhase section */
		94CAD484274D7D1D001FE06B /* Sources */ = {
			isa = PBXSourcesBuildPhase;
			buildActionMask = 2147483647;
			files = (
				941362C0275108D2003EE6CF /* User.swift in Sources */,
				941362B827510390003EE6CF /* BankImageView.swift in Sources */,
				941362CE27513FD5003EE6CF /* UIApplicationExtensions.swift in Sources */,
				947613AB274FFD2300E02531 /* AmountSelector.swift in Sources */,
				94CAD48E274D7D1D001FE06B /* ContentView.swift in Sources */,
				947613B0274FFD4D00E02531 /* AccountSelector.swift in Sources */,
				941362C427510B01003EE6CF /* ReponseEnums.swift in Sources */,
				947613A8274FEF8600E02531 /* PaymentView.swift in Sources */,
				941362B227510174003EE6CF /* TextExtensions.swift in Sources */,
				941362B427510261003EE6CF /* Account.swift in Sources */,
				947613AD274FFD3800E02531 /* GetPaidButton.swift in Sources */,
				941362AF2751004A003EE6CF /* AccountCell.swift in Sources */,
				941362BE275108AF003EE6CF /* DataRepository.swift in Sources */,
				941362C927510D88003EE6CF /* Connectivity.swift in Sources */,
				94CAD48C274D7D1D001FE06B /* mobilise_test1App.swift in Sources */,
				941362D0275148FF003EE6CF /* ReconnectButton.swift in Sources */,
				941362C227510A34003EE6CF /* ApiService.swift in Sources */,
				941362BA2751058A003EE6CF /* PaymentViewModel.swift in Sources */,
			);
			runOnlyForDeploymentPostprocessing = 0;
		};
		94CAD494274D7D20001FE06B /* Sources */ = {
			isa = PBXSourcesBuildPhase;
			buildActionMask = 2147483647;
			files = (
				94CAD49D274D7D20001FE06B /* mobilise_test1Tests.swift in Sources */,
			);
			runOnlyForDeploymentPostprocessing = 0;
		};
		94CAD49E274D7D20001FE06B /* Sources */ = {
			isa = PBXSourcesBuildPhase;
			buildActionMask = 2147483647;
			files = (
				94CAD4A9274D7D20001FE06B /* mobilise_test1UITestsLaunchTests.swift in Sources */,
				94CAD4A7274D7D20001FE06B /* mobilise_test1UITests.swift in Sources */,
			);
			runOnlyForDeploymentPostprocessing = 0;
		};
/* End PBXSourcesBuildPhase section */

/* Begin PBXTargetDependency section */
		94CAD49A274D7D20001FE06B /* PBXTargetDependency */ = {
			isa = PBXTargetDependency;
			target = 94CAD487274D7D1D001FE06B /* mobilise_test1 */;
			targetProxy = 94CAD499274D7D20001FE06B /* PBXContainerItemProxy */;
		};
		94CAD4A4274D7D20001FE06B /* PBXTargetDependency */ = {
			isa = PBXTargetDependency;
			target = 94CAD487274D7D1D001FE06B /* mobilise_test1 */;
			targetProxy = 94CAD4A3274D7D20001FE06B /* PBXContainerItemProxy */;
		};
/* End PBXTargetDependency section */

/* Begin XCBuildConfiguration section */
		94CAD4AA274D7D20001FE06B /* Debug */ = {
			isa = XCBuildConfiguration;
			buildSettings = {
				ALWAYS_SEARCH_USER_PATHS = NO;
				CLANG_ANALYZER_NONNULL = YES;
				CLANG_ANALYZER_NUMBER_OBJECT_CONVERSION = YES_AGGRESSIVE;
				CLANG_CXX_LANGUAGE_STANDARD = "gnu++17";
				CLANG_CXX_LIBRARY = "libc++";
				CLANG_ENABLE_MODULES = YES;
				CLANG_ENABLE_OBJC_ARC = YES;
				CLANG_ENABLE_OBJC_WEAK = YES;
				CLANG_WARN_BLOCK_CAPTURE_AUTORELEASING = YES;
				CLANG_WARN_BOOL_CONVERSION = YES;
				CLANG_WARN_COMMA = YES;
				CLANG_WARN_CONSTANT_CONVERSION = YES;
				CLANG_WARN_DEPRECATED_OBJC_IMPLEMENTATIONS = YES;
				CLANG_WARN_DIRECT_OBJC_ISA_USAGE = YES_ERROR;
				CLANG_WARN_DOCUMENTATION_COMMENTS = YES;
				CLANG_WARN_EMPTY_BODY = YES;
				CLANG_WARN_ENUM_CONVERSION = YES;
				CLANG_WARN_INFINITE_RECURSION = YES;
				CLANG_WARN_INT_CONVERSION = YES;
				CLANG_WARN_NON_LITERAL_NULL_CONVERSION = YES;
				CLANG_WARN_OBJC_IMPLICIT_RETAIN_SELF = YES;
				CLANG_WARN_OBJC_LITERAL_CONVERSION = YES;
				CLANG_WARN_OBJC_ROOT_CLASS = YES_ERROR;
				CLANG_WARN_QUOTED_INCLUDE_IN_FRAMEWORK_HEADER = YES;
				CLANG_WARN_RANGE_LOOP_ANALYSIS = YES;
				CLANG_WARN_STRICT_PROTOTYPES = YES;
				CLANG_WARN_SUSPICIOUS_MOVE = YES;
				CLANG_WARN_UNGUARDED_AVAILABILITY = YES_AGGRESSIVE;
				CLANG_WARN_UNREACHABLE_CODE = YES;
				CLANG_WARN__DUPLICATE_METHOD_MATCH = YES;
				COPY_PHASE_STRIP = NO;
				DEBUG_INFORMATION_FORMAT = dwarf;
				ENABLE_STRICT_OBJC_MSGSEND = YES;
				ENABLE_TESTABILITY = YES;
				GCC_C_LANGUAGE_STANDARD = gnu11;
				GCC_DYNAMIC_NO_PIC = NO;
				GCC_NO_COMMON_BLOCKS = YES;
				GCC_OPTIMIZATION_LEVEL = 0;
				GCC_PREPROCESSOR_DEFINITIONS = (
					"DEBUG=1",
					"$(inherited)",
				);
				GCC_WARN_64_TO_32_BIT_CONVERSION = YES;
				GCC_WARN_ABOUT_RETURN_TYPE = YES_ERROR;
				GCC_WARN_UNDECLARED_SELECTOR = YES;
				GCC_WARN_UNINITIALIZED_AUTOS = YES_AGGRESSIVE;
				GCC_WARN_UNUSED_FUNCTION = YES;
				GCC_WARN_UNUSED_VARIABLE = YES;
				IPHONEOS_DEPLOYMENT_TARGET = 15.0;
				MTL_ENABLE_DEBUG_INFO = INCLUDE_SOURCE;
				MTL_FAST_MATH = YES;
				ONLY_ACTIVE_ARCH = YES;
				SDKROOT = iphoneos;
				SWIFT_ACTIVE_COMPILATION_CONDITIONS = DEBUG;
				SWIFT_OPTIMIZATION_LEVEL = "-Onone";
			};
			name = Debug;
		};
		94CAD4AB274D7D20001FE06B /* Release */ = {
			isa = XCBuildConfiguration;
			buildSettings = {
				ALWAYS_SEARCH_USER_PATHS = NO;
				CLANG_ANALYZER_NONNULL = YES;
				CLANG_ANALYZER_NUMBER_OBJECT_CONVERSION = YES_AGGRESSIVE;
				CLANG_CXX_LANGUAGE_STANDARD = "gnu++17";
				CLANG_CXX_LIBRARY = "libc++";
				CLANG_ENABLE_MODULES = YES;
				CLANG_ENABLE_OBJC_ARC = YES;
				CLANG_ENABLE_OBJC_WEAK = YES;
				CLANG_WARN_BLOCK_CAPTURE_AUTORELEASING = YES;
				CLANG_WARN_BOOL_CONVERSION = YES;
				CLANG_WARN_COMMA = YES;
				CLANG_WARN_CONSTANT_CONVERSION = YES;
				CLANG_WARN_DEPRECATED_OBJC_IMPLEMENTATIONS = YES;
				CLANG_WARN_DIRECT_OBJC_ISA_USAGE = YES_ERROR;
				CLANG_WARN_DOCUMENTATION_COMMENTS = YES;
				CLANG_WARN_EMPTY_BODY = YES;
				CLANG_WARN_ENUM_CONVERSION = YES;
				CLANG_WARN_INFINITE_RECURSION = YES;
				CLANG_WARN_INT_CONVERSION = YES;
				CLANG_WARN_NON_LITERAL_NULL_CONVERSION = YES;
				CLANG_WARN_OBJC_IMPLICIT_RETAIN_SELF = YES;
				CLANG_WARN_OBJC_LITERAL_CONVERSION = YES;
				CLANG_WARN_OBJC_ROOT_CLASS = YES_ERROR;
				CLANG_WARN_QUOTED_INCLUDE_IN_FRAMEWORK_HEADER = YES;
				CLANG_WARN_RANGE_LOOP_ANALYSIS = YES;
				CLANG_WARN_STRICT_PROTOTYPES = YES;
				CLANG_WARN_SUSPICIOUS_MOVE = YES;
				CLANG_WARN_UNGUARDED_AVAILABILITY = YES_AGGRESSIVE;
				CLANG_WARN_UNREACHABLE_CODE = YES;
				CLANG_WARN__DUPLICATE_METHOD_MATCH = YES;
				COPY_PHASE_STRIP = NO;
				DEBUG_INFORMATION_FORMAT = "dwarf-with-dsym";
				ENABLE_NS_ASSERTIONS = NO;
				ENABLE_STRICT_OBJC_MSGSEND = YES;
				GCC_C_LANGUAGE_STANDARD = gnu11;
				GCC_NO_COMMON_BLOCKS = YES;
				GCC_WARN_64_TO_32_BIT_CONVERSION = YES;
				GCC_WARN_ABOUT_RETURN_TYPE = YES_ERROR;
				GCC_WARN_UNDECLARED_SELECTOR = YES;
				GCC_WARN_UNINITIALIZED_AUTOS = YES_AGGRESSIVE;
				GCC_WARN_UNUSED_FUNCTION = YES;
				GCC_WARN_UNUSED_VARIABLE = YES;
				IPHONEOS_DEPLOYMENT_TARGET = 15.0;
				MTL_ENABLE_DEBUG_INFO = NO;
				MTL_FAST_MATH = YES;
				SDKROOT = iphoneos;
				SWIFT_COMPILATION_MODE = wholemodule;
				SWIFT_OPTIMIZATION_LEVEL = "-O";
				VALIDATE_PRODUCT = YES;
			};
			name = Release;
		};
		94CAD4AD274D7D20001FE06B /* Debug */ = {
			isa = XCBuildConfiguration;
			buildSettings = {
				ASSETCATALOG_COMPILER_APPICON_NAME = AppIcon;
				ASSETCATALOG_COMPILER_GLOBAL_ACCENT_COLOR_NAME = AccentColor;
				CODE_SIGN_STYLE = Automatic;
				CURRENT_PROJECT_VERSION = 1;
				DEVELOPMENT_ASSET_PATHS = "\"mobilise_test1/Preview Content\"";
				DEVELOPMENT_TEAM = 5BC8W6JH5G;
				ENABLE_PREVIEWS = YES;
				GENERATE_INFOPLIST_FILE = YES;
				INFOPLIST_KEY_UIApplicationSceneManifest_Generation = YES;
				INFOPLIST_KEY_UIApplicationSupportsIndirectInputEvents = YES;
				INFOPLIST_KEY_UILaunchScreen_Generation = YES;
				INFOPLIST_KEY_UISupportedInterfaceOrientations_iPad = "UIInterfaceOrientationPortrait UIInterfaceOrientationPortraitUpsideDown UIInterfaceOrientationLandscapeLeft UIInterfaceOrientationLandscapeRight";
				INFOPLIST_KEY_UISupportedInterfaceOrientations_iPhone = "UIInterfaceOrientationPortrait UIInterfaceOrientationLandscapeLeft UIInterfaceOrientationLandscapeRight";
				IPHONEOS_DEPLOYMENT_TARGET = 14.0;
				LD_RUNPATH_SEARCH_PATHS = (
					"$(inherited)",
					"@executable_path/Frameworks",
				);
				MARKETING_VERSION = 1.0;
				PRODUCT_BUNDLE_IDENTIFIER = "georgii-polonskii.mobilise-test1";
				PRODUCT_NAME = "$(TARGET_NAME)";
				SWIFT_EMIT_LOC_STRINGS = YES;
				SWIFT_VERSION = 5.0;
				TARGETED_DEVICE_FAMILY = "1,2";
			};
			name = Debug;
		};
		94CAD4AE274D7D20001FE06B /* Release */ = {
			isa = XCBuildConfiguration;
			buildSettings = {
				ASSETCATALOG_COMPILER_APPICON_NAME = AppIcon;
				ASSETCATALOG_COMPILER_GLOBAL_ACCENT_COLOR_NAME = AccentColor;
				CODE_SIGN_STYLE = Automatic;
				CURRENT_PROJECT_VERSION = 1;
				DEVELOPMENT_ASSET_PATHS = "\"mobilise_test1/Preview Content\"";
				DEVELOPMENT_TEAM = 5BC8W6JH5G;
				ENABLE_PREVIEWS = YES;
				GENERATE_INFOPLIST_FILE = YES;
				INFOPLIST_KEY_UIApplicationSceneManifest_Generation = YES;
				INFOPLIST_KEY_UIApplicationSupportsIndirectInputEvents = YES;
				INFOPLIST_KEY_UILaunchScreen_Generation = YES;
				INFOPLIST_KEY_UISupportedInterfaceOrientations_iPad = "UIInterfaceOrientationPortrait UIInterfaceOrientationPortraitUpsideDown UIInterfaceOrientationLandscapeLeft UIInterfaceOrientationLandscapeRight";
				INFOPLIST_KEY_UISupportedInterfaceOrientations_iPhone = "UIInterfaceOrientationPortrait UIInterfaceOrientationLandscapeLeft UIInterfaceOrientationLandscapeRight";
				IPHONEOS_DEPLOYMENT_TARGET = 14.0;
				LD_RUNPATH_SEARCH_PATHS = (
					"$(inherited)",
					"@executable_path/Frameworks",
				);
				MARKETING_VERSION = 1.0;
				PRODUCT_BUNDLE_IDENTIFIER = "georgii-polonskii.mobilise-test1";
				PRODUCT_NAME = "$(TARGET_NAME)";
				SWIFT_EMIT_LOC_STRINGS = YES;
				SWIFT_VERSION = 5.0;
				TARGETED_DEVICE_FAMILY = "1,2";
			};
			name = Release;
		};
		94CAD4B0274D7D20001FE06B /* Debug */ = {
			isa = XCBuildConfiguration;
			buildSettings = {
				ALWAYS_EMBED_SWIFT_STANDARD_LIBRARIES = YES;
				BUNDLE_LOADER = "$(TEST_HOST)";
				CODE_SIGN_STYLE = Automatic;
				CURRENT_PROJECT_VERSION = 1;
				DEVELOPMENT_TEAM = 5BC8W6JH5G;
				GENERATE_INFOPLIST_FILE = YES;
				IPHONEOS_DEPLOYMENT_TARGET = 14.0;
				LD_RUNPATH_SEARCH_PATHS = (
					"$(inherited)",
					"@executable_path/Frameworks",
					"@loader_path/Frameworks",
				);
				MARKETING_VERSION = 1.0;
				PRODUCT_BUNDLE_IDENTIFIER = "georgii-polonskii.mobilise-test1Tests";
				PRODUCT_NAME = "$(TARGET_NAME)";
				SWIFT_EMIT_LOC_STRINGS = NO;
				SWIFT_VERSION = 5.0;
				TARGETED_DEVICE_FAMILY = "1,2";
				TEST_HOST = "$(BUILT_PRODUCTS_DIR)/mobilise_test1.app/mobilise_test1";
			};
			name = Debug;
		};
		94CAD4B1274D7D20001FE06B /* Release */ = {
			isa = XCBuildConfiguration;
			buildSettings = {
				ALWAYS_EMBED_SWIFT_STANDARD_LIBRARIES = YES;
				BUNDLE_LOADER = "$(TEST_HOST)";
				CODE_SIGN_STYLE = Automatic;
				CURRENT_PROJECT_VERSION = 1;
				DEVELOPMENT_TEAM = 5BC8W6JH5G;
				GENERATE_INFOPLIST_FILE = YES;
				IPHONEOS_DEPLOYMENT_TARGET = 14.0;
				LD_RUNPATH_SEARCH_PATHS = (
					"$(inherited)",
					"@executable_path/Frameworks",
					"@loader_path/Frameworks",
				);
				MARKETING_VERSION = 1.0;
				PRODUCT_BUNDLE_IDENTIFIER = "georgii-polonskii.mobilise-test1Tests";
				PRODUCT_NAME = "$(TARGET_NAME)";
				SWIFT_EMIT_LOC_STRINGS = NO;
				SWIFT_VERSION = 5.0;
				TARGETED_DEVICE_FAMILY = "1,2";
				TEST_HOST = "$(BUILT_PRODUCTS_DIR)/mobilise_test1.app/mobilise_test1";
			};
			name = Release;
		};
		94CAD4B3274D7D20001FE06B /* Debug */ = {
			isa = XCBuildConfiguration;
			buildSettings = {
				ALWAYS_EMBED_SWIFT_STANDARD_LIBRARIES = YES;
				CODE_SIGN_STYLE = Automatic;
				CURRENT_PROJECT_VERSION = 1;
				DEVELOPMENT_TEAM = 5BC8W6JH5G;
				GENERATE_INFOPLIST_FILE = YES;
				LD_RUNPATH_SEARCH_PATHS = (
					"$(inherited)",
					"@executable_path/Frameworks",
					"@loader_path/Frameworks",
				);
				MARKETING_VERSION = 1.0;
				PRODUCT_BUNDLE_IDENTIFIER = "georgii-polonskii.mobilise-test1UITests";
				PRODUCT_NAME = "$(TARGET_NAME)";
				SWIFT_EMIT_LOC_STRINGS = NO;
				SWIFT_VERSION = 5.0;
				TARGETED_DEVICE_FAMILY = "1,2";
				TEST_TARGET_NAME = mobilise_test1;
			};
			name = Debug;
		};
		94CAD4B4274D7D20001FE06B /* Release */ = {
			isa = XCBuildConfiguration;
			buildSettings = {
				ALWAYS_EMBED_SWIFT_STANDARD_LIBRARIES = YES;
				CODE_SIGN_STYLE = Automatic;
				CURRENT_PROJECT_VERSION = 1;
				DEVELOPMENT_TEAM = 5BC8W6JH5G;
				GENERATE_INFOPLIST_FILE = YES;
				LD_RUNPATH_SEARCH_PATHS = (
					"$(inherited)",
					"@executable_path/Frameworks",
					"@loader_path/Frameworks",
				);
				MARKETING_VERSION = 1.0;
				PRODUCT_BUNDLE_IDENTIFIER = "georgii-polonskii.mobilise-test1UITests";
				PRODUCT_NAME = "$(TARGET_NAME)";
				SWIFT_EMIT_LOC_STRINGS = NO;
				SWIFT_VERSION = 5.0;
				TARGETED_DEVICE_FAMILY = "1,2";
				TEST_TARGET_NAME = mobilise_test1;
			};
			name = Release;
		};
/* End XCBuildConfiguration section */

/* Begin XCConfigurationList section */
		94CAD483274D7D1D001FE06B /* Build configuration list for PBXProject "mobilise_test1" */ = {
			isa = XCConfigurationList;
			buildConfigurations = (
				94CAD4AA274D7D20001FE06B /* Debug */,
				94CAD4AB274D7D20001FE06B /* Release */,
			);
			defaultConfigurationIsVisible = 0;
			defaultConfigurationName = Release;
		};
		94CAD4AC274D7D20001FE06B /* Build configuration list for PBXNativeTarget "mobilise_test1" */ = {
			isa = XCConfigurationList;
			buildConfigurations = (
				94CAD4AD274D7D20001FE06B /* Debug */,
				94CAD4AE274D7D20001FE06B /* Release */,
			);
			defaultConfigurationIsVisible = 0;
			defaultConfigurationName = Release;
		};
		94CAD4AF274D7D20001FE06B /* Build configuration list for PBXNativeTarget "mobilise_test1Tests" */ = {
			isa = XCConfigurationList;
			buildConfigurations = (
				94CAD4B0274D7D20001FE06B /* Debug */,
				94CAD4B1274D7D20001FE06B /* Release */,
			);
			defaultConfigurationIsVisible = 0;
			defaultConfigurationName = Release;
		};
		94CAD4B2274D7D20001FE06B /* Build configuration list for PBXNativeTarget "mobilise_test1UITests" */ = {
			isa = XCConfigurationList;
			buildConfigurations = (
				94CAD4B3274D7D20001FE06B /* Debug */,
				94CAD4B4274D7D20001FE06B /* Release */,
			);
			defaultConfigurationIsVisible = 0;
			defaultConfigurationName = Release;
		};
/* End XCConfigurationList section */

/* Begin XCRemoteSwiftPackageReference section */
		941362CA27513B8E003EE6CF /* XCRemoteSwiftPackageReference "SPAlert" */ = {
			isa = XCRemoteSwiftPackageReference;
			repositoryURL = "https://github.com/ivanvorobei/SPAlert";
			requirement = {
				branch = main;
				kind = branch;
			};
		};
/* End XCRemoteSwiftPackageReference section */

/* Begin XCSwiftPackageProductDependency section */
		941362CB27513B8E003EE6CF /* SPAlert */ = {
			isa = XCSwiftPackageProductDependency;
			package = 941362CA27513B8E003EE6CF /* XCRemoteSwiftPackageReference "SPAlert" */;
			productName = SPAlert;
		};
/* End XCSwiftPackageProductDependency section */
	};
	rootObject = 94CAD480274D7D1D001FE06B /* Project object */;
}
